
Microsoft Visual Studio Solution File, Format Version 12.00
# Visual Studio 15
VisualStudioVersion = 15.0.28307.1145
MinimumVisualStudioVersion = 10.0.40219.1
Project("{FAE04EC0-301F-11D3-BF4B-00C04F79EFBC}") = "WebApplication4", "WebApplication4\WebApplication4.csproj", "{CF2CA0AA-9D23-48B0-80E6-A42722362396}"
EndProject
Global
	GlobalSection(SolutionConfigurationPlatforms) = preSolution
		Debug|Any CPU = Debug|Any CPU
		Release|Any CPU = Release|Any CPU
	EndGlobalSection
	GlobalSection(ProjectConfigurationPlatforms) = postSolution
		{CF2CA0AA-9D23-48B0-80E6-A42722362396}.Debug|Any CPU.ActiveCfg = Debug|Any CPU
		{CF2CA0AA-9D23-48B0-80E6-A42722362396}.Debug|Any CPU.Build.0 = Debug|Any CPU
		{CF2CA0AA-9D23-48B0-80E6-A42722362396}.Release|Any CPU.ActiveCfg = Release|Any CPU
		{CF2CA0AA-9D23-48B0-80E6-A42722362396}.Release|Any CPU.Build.0 = Release|Any CPU
	EndGlobalSection
	GlobalSection(SolutionProperties) = preSolution
		HideSolutionNode = FALSE
	EndGlobalSection
	GlobalSection(ExtensibilityGlobals) = postSolution
		SolutionGuid = {B142D3F3-468C-4C84-B34E-1F84C3042E05}
	EndGlobalSection
EndGlobal
